
Microsoft Visual Studio Solution File, Format Version 12.00
# Visual Studio Version 17
VisualStudioVersion = 17.3.32825.248
MinimumVisualStudioVersion = 10.0.40219.1
Project("{9A19103F-16F7-4668-BE54-9A1E7A4F7556}") = "PhotoOrganiser", "PhotoOrganiser.csproj", "{9976E7FB-711E-47FB-A47C-A9927E08B8DF}"
EndProject
Global
	GlobalSection(SolutionConfigurationPlatforms) = preSolution
		Debug|Any CPU = Debug|Any CPU
		Release|Any CPU = Release|Any CPU
	EndGlobalSection
	GlobalSection(ProjectConfigurationPlatforms) = postSolution
		{9976E7FB-711E-47FB-A47C-A9927E08B8DF}.Debug|Any CPU.ActiveCfg = Debug|Any CPU
		{9976E7FB-711E-47FB-A47C-A9927E08B8DF}.Debug|Any CPU.Build.0 = Debug|Any CPU
		{9976E7FB-711E-47FB-A47C-A9927E08B8DF}.Release|Any CPU.ActiveCfg = Release|Any CPU
		{9976E7FB-711E-47FB-A47C-A9927E08B8DF}.Release|Any CPU.Build.0 = Release|Any CPU
	EndGlobalSection
	GlobalSection(SolutionProperties) = preSolution
		HideSolutionNode = FALSE
	EndGlobalSection
	GlobalSection(ExtensibilityGlobals) = postSolution
		SolutionGuid = {D3F65A07-EE1C-42E6-846A-16B05ED4D85C}
	EndGlobalSection
EndGlobal
